// !$*UTF8*$!
{
	archiveVersion = 1;
	classes = {
	};
	objectVersion = 56;
	objects = {

/* Begin PBXBuildFile section */
		97FC453629A0FD7500227162 /* AppDelegate.swift in Sources */ = {isa = PBXBuildFile; fileRef = 97FC453529A0FD7500227162 /* AppDelegate.swift */; };
		97FC453829A0FD7500227162 /* SceneDelegate.swift in Sources */ = {isa = PBXBuildFile; fileRef = 97FC453729A0FD7500227162 /* SceneDelegate.swift */; };
		97FC453A29A0FD7500227162 /* ViewController.swift in Sources */ = {isa = PBXBuildFile; fileRef = 97FC453929A0FD7500227162 /* ViewController.swift */; };
		97FC453D29A0FD7500227162 /* Main.storyboard in Resources */ = {isa = PBXBuildFile; fileRef = 97FC453B29A0FD7500227162 /* Main.storyboard */; };
		97FC453F29A0FD7600227162 /* Assets.xcassets in Resources */ = {isa = PBXBuildFile; fileRef = 97FC453E29A0FD7600227162 /* Assets.xcassets */; };
		97FC454229A0FD7600227162 /* LaunchScreen.storyboard in Resources */ = {isa = PBXBuildFile; fileRef = 97FC454029A0FD7600227162 /* LaunchScreen.storyboard */; };
		97FC454A29A1392F00227162 /* PhotosCollectionViewController.swift in Sources */ = {isa = PBXBuildFile; fileRef = 97FC454929A1392F00227162 /* PhotosCollectionViewController.swift */; };
		97FC454E29A142B500227162 /* PhotoModel.swift in Sources */ = {isa = PBXBuildFile; fileRef = 97FC454D29A142B500227162 /* PhotoModel.swift */; };
		97FC455029A1763700227162 /* NetworkDataFetcher.swift in Sources */ = {isa = PBXBuildFile; fileRef = 97FC454F29A1763700227162 /* NetworkDataFetcher.swift */; };
		97FC455329A2661A00227162 /* PhotosCollectionViewCell.swift in Sources */ = {isa = PBXBuildFile; fileRef = 97FC455129A2661A00227162 /* PhotosCollectionViewCell.swift */; };
		97FC455429A2661A00227162 /* PhotosCollectionViewCell.xib in Resources */ = {isa = PBXBuildFile; fileRef = 97FC455229A2661A00227162 /* PhotosCollectionViewCell.xib */; };
		B368B01252BE2799E205F23E /* Pods_GooglePhotosApp.framework in Frameworks */ = {isa = PBXBuildFile; fileRef = CB5DF74A39C8A9F41692D761 /* Pods_GooglePhotosApp.framework */; };
/* End PBXBuildFile section */

/* Begin PBXFileReference section */
		3F788D0CA3CB56448D0A9672 /* Pods-GooglePhotosApp.release.xcconfig */ = {isa = PBXFileReference; includeInIndex = 1; lastKnownFileType = text.xcconfig; name = "Pods-GooglePhotosApp.release.xcconfig"; path = "Target Support Files/Pods-GooglePhotosApp/Pods-GooglePhotosApp.release.xcconfig"; sourceTree = "<group>"; };
		97FC453229A0FD7500227162 /* GooglePhotosApp.app */ = {isa = PBXFileReference; explicitFileType = wrapper.application; includeInIndex = 0; path = GooglePhotosApp.app; sourceTree = BUILT_PRODUCTS_DIR; };
		97FC453529A0FD7500227162 /* AppDelegate.swift */ = {isa = PBXFileReference; lastKnownFileType = sourcecode.swift; path = AppDelegate.swift; sourceTree = "<group>"; };
		97FC453729A0FD7500227162 /* SceneDelegate.swift */ = {isa = PBXFileReference; lastKnownFileType = sourcecode.swift; path = SceneDelegate.swift; sourceTree = "<group>"; };
		97FC453929A0FD7500227162 /* ViewController.swift */ = {isa = PBXFileReference; lastKnownFileType = sourcecode.swift; path = ViewController.swift; sourceTree = "<group>"; };
		97FC453C29A0FD7500227162 /* Base */ = {isa = PBXFileReference; lastKnownFileType = file.storyboard; name = Base; path = Base.lproj/Main.storyboard; sourceTree = "<group>"; };
		97FC453E29A0FD7600227162 /* Assets.xcassets */ = {isa = PBXFileReference; lastKnownFileType = folder.assetcatalog; path = Assets.xcassets; sourceTree = "<group>"; };
		97FC454129A0FD7600227162 /* Base */ = {isa = PBXFileReference; lastKnownFileType = file.storyboard; name = Base; path = Base.lproj/LaunchScreen.storyboard; sourceTree = "<group>"; };
		97FC454329A0FD7600227162 /* Info.plist */ = {isa = PBXFileReference; lastKnownFileType = text.plist.xml; path = Info.plist; sourceTree = "<group>"; };
		97FC454929A1392F00227162 /* PhotosCollectionViewController.swift */ = {isa = PBXFileReference; lastKnownFileType = sourcecode.swift; path = PhotosCollectionViewController.swift; sourceTree = "<group>"; };
		97FC454D29A142B500227162 /* PhotoModel.swift */ = {isa = PBXFileReference; lastKnownFileType = sourcecode.swift; path = PhotoModel.swift; sourceTree = "<group>"; };
		97FC454F29A1763700227162 /* NetworkDataFetcher.swift */ = {isa = PBXFileReference; lastKnownFileType = sourcecode.swift; path = NetworkDataFetcher.swift; sourceTree = "<group>"; };
		97FC455129A2661A00227162 /* PhotosCollectionViewCell.swift */ = {isa = PBXFileReference; lastKnownFileType = sourcecode.swift; path = PhotosCollectionViewCell.swift; sourceTree = "<group>"; };
		97FC455229A2661A00227162 /* PhotosCollectionViewCell.xib */ = {isa = PBXFileReference; lastKnownFileType = file.xib; path = PhotosCollectionViewCell.xib; sourceTree = "<group>"; };
		A644B17F67F605FE86DFF6EC /* Pods-GooglePhotosApp.debug.xcconfig */ = {isa = PBXFileReference; includeInIndex = 1; lastKnownFileType = text.xcconfig; name = "Pods-GooglePhotosApp.debug.xcconfig"; path = "Target Support Files/Pods-GooglePhotosApp/Pods-GooglePhotosApp.debug.xcconfig"; sourceTree = "<group>"; };
		CB5DF74A39C8A9F41692D761 /* Pods_GooglePhotosApp.framework */ = {isa = PBXFileReference; explicitFileType = wrapper.framework; includeInIndex = 0; path = Pods_GooglePhotosApp.framework; sourceTree = BUILT_PRODUCTS_DIR; };
/* End PBXFileReference section */

/* Begin PBXFrameworksBuildPhase section */
		97FC452F29A0FD7500227162 /* Frameworks */ = {
			isa = PBXFrameworksBuildPhase;
			buildActionMask = 2147483647;
			files = (
				B368B01252BE2799E205F23E /* Pods_GooglePhotosApp.framework in Frameworks */,
			);
			runOnlyForDeploymentPostprocessing = 0;
		};
/* End PBXFrameworksBuildPhase section */

/* Begin PBXGroup section */
		97FC452929A0FD7500227162 = {
			isa = PBXGroup;
			children = (
				97FC453429A0FD7500227162 /* GooglePhotosApp */,
				97FC453329A0FD7500227162 /* Products */,
				F9595D8A89ECCBD2A51476D1 /* Pods */,
				AE5077E531DC0F36381E231F /* Frameworks */,
			);
			sourceTree = "<group>";
		};
		97FC453329A0FD7500227162 /* Products */ = {
			isa = PBXGroup;
			children = (
				97FC453229A0FD7500227162 /* GooglePhotosApp.app */,
			);
			name = Products;
			sourceTree = "<group>";
		};
		97FC453429A0FD7500227162 /* GooglePhotosApp */ = {
			isa = PBXGroup;
			children = (
				97FC453529A0FD7500227162 /* AppDelegate.swift */,
				97FC453729A0FD7500227162 /* SceneDelegate.swift */,
				97FC453929A0FD7500227162 /* ViewController.swift */,
				97FC454929A1392F00227162 /* PhotosCollectionViewController.swift */,
				97FC453B29A0FD7500227162 /* Main.storyboard */,
				97FC453E29A0FD7600227162 /* Assets.xcassets */,
				97FC454029A0FD7600227162 /* LaunchScreen.storyboard */,
				97FC454329A0FD7600227162 /* Info.plist */,
				97FC454D29A142B500227162 /* PhotoModel.swift */,
				97FC454F29A1763700227162 /* NetworkDataFetcher.swift */,
				97FC455129A2661A00227162 /* PhotosCollectionViewCell.swift */,
				97FC455229A2661A00227162 /* PhotosCollectionViewCell.xib */,
			);
			path = GooglePhotosApp;
			sourceTree = "<group>";
		};
		AE5077E531DC0F36381E231F /* Frameworks */ = {
			isa = PBXGroup;
			children = (
				CB5DF74A39C8A9F41692D761 /* Pods_GooglePhotosApp.framework */,
			);
			name = Frameworks;
			sourceTree = "<group>";
		};
		F9595D8A89ECCBD2A51476D1 /* Pods */ = {
			isa = PBXGroup;
			children = (
				A644B17F67F605FE86DFF6EC /* Pods-GooglePhotosApp.debug.xcconfig */,
				3F788D0CA3CB56448D0A9672 /* Pods-GooglePhotosApp.release.xcconfig */,
			);
			path = Pods;
			sourceTree = "<group>";
		};
/* End PBXGroup section */

/* Begin PBXNativeTarget section */
		97FC453129A0FD7500227162 /* GooglePhotosApp */ = {
			isa = PBXNativeTarget;
			buildConfigurationList = 97FC454629A0FD7600227162 /* Build configuration list for PBXNativeTarget "GooglePhotosApp" */;
			buildPhases = (
				51689EAC88F19454565671F0 /* [CP] Check Pods Manifest.lock */,
				97FC452E29A0FD7500227162 /* Sources */,
				97FC452F29A0FD7500227162 /* Frameworks */,
				97FC453029A0FD7500227162 /* Resources */,
				91D0495DAEAE356967F469D1 /* [CP] Embed Pods Frameworks */,
			);
			buildRules = (
			);
			dependencies = (
			);
			name = GooglePhotosApp;
			productName = GooglePhotosApp;
			productReference = 97FC453229A0FD7500227162 /* GooglePhotosApp.app */;
			productType = "com.apple.product-type.application";
		};
/* End PBXNativeTarget section */

/* Begin PBXProject section */
		97FC452A29A0FD7500227162 /* Project object */ = {
			isa = PBXProject;
			attributes = {
				BuildIndependentTargetsInParallel = 1;
				LastSwiftUpdateCheck = 1420;
				LastUpgradeCheck = 1420;
				TargetAttributes = {
					97FC453129A0FD7500227162 = {
						CreatedOnToolsVersion = 14.2;
					};
				};
			};
			buildConfigurationList = 97FC452D29A0FD7500227162 /* Build configuration list for PBXProject "GooglePhotosApp" */;
			compatibilityVersion = "Xcode 14.0";
			developmentRegion = en;
			hasScannedForEncodings = 0;
			knownRegions = (
				en,
				Base,
			);
			mainGroup = 97FC452929A0FD7500227162;
			productRefGroup = 97FC453329A0FD7500227162 /* Products */;
			projectDirPath = "";
			projectRoot = "";
			targets = (
				97FC453129A0FD7500227162 /* GooglePhotosApp */,
			);
		};
/* End PBXProject section */

/* Begin PBXResourcesBuildPhase section */
		97FC453029A0FD7500227162 /* Resources */ = {
			isa = PBXResourcesBuildPhase;
			buildActionMask = 2147483647;
			files = (
				97FC454229A0FD7600227162 /* LaunchScreen.storyboard in Resources */,
				97FC455429A2661A00227162 /* PhotosCollectionViewCell.xib in Resources */,
				97FC453F29A0FD7600227162 /* Assets.xcassets in Resources */,
				97FC453D29A0FD7500227162 /* Main.storyboard in Resources */,
			);
			runOnlyForDeploymentPostprocessing = 0;
		};
/* End PBXResourcesBuildPhase section */

/* Begin PBXShellScriptBuildPhase section */
		51689EAC88F19454565671F0 /* [CP] Check Pods Manifest.lock */ = {
			isa = PBXShellScriptBuildPhase;
			buildActionMask = 2147483647;
			files = (
			);
			inputFileListPaths = (
			);
			inputPaths = (
				"${PODS_PODFILE_DIR_PATH}/Podfile.lock",
				"${PODS_ROOT}/Manifest.lock",
			);
			name = "[CP] Check Pods Manifest.lock";
			outputFileListPaths = (
			);
			outputPaths = (
				"$(DERIVED_FILE_DIR)/Pods-GooglePhotosApp-checkManifestLockResult.txt",
			);
			runOnlyForDeploymentPostprocessing = 0;
			shellPath = /bin/sh;
			shellScript = "diff \"${PODS_PODFILE_DIR_PATH}/Podfile.lock\" \"${PODS_ROOT}/Manifest.lock\" > /dev/null\nif [ $? != 0 ] ; then\n    # print error to STDERR\n    echo \"error: The sandbox is not in sync with the Podfile.lock. Run 'pod install' or update your CocoaPods installation.\" >&2\n    exit 1\nfi\n# This output is used by Xcode 'outputs' to avoid re-running this script phase.\necho \"SUCCESS\" > \"${SCRIPT_OUTPUT_FILE_0}\"\n";
			showEnvVarsInLog = 0;
		};
		91D0495DAEAE356967F469D1 /* [CP] Embed Pods Frameworks */ = {
			isa = PBXShellScriptBuildPhase;
			buildActionMask = 2147483647;
			files = (
			);
			inputFileListPaths = (
				"${PODS_ROOT}/Target Support Files/Pods-GooglePhotosApp/Pods-GooglePhotosApp-frameworks-${CONFIGURATION}-input-files.xcfilelist",
			);
			name = "[CP] Embed Pods Frameworks";
			outputFileListPaths = (
				"${PODS_ROOT}/Target Support Files/Pods-GooglePhotosApp/Pods-GooglePhotosApp-frameworks-${CONFIGURATION}-output-files.xcfilelist",
			);
			runOnlyForDeploymentPostprocessing = 0;
			shellPath = /bin/sh;
			shellScript = "\"${PODS_ROOT}/Target Support Files/Pods-GooglePhotosApp/Pods-GooglePhotosApp-frameworks.sh\"\n";
			showEnvVarsInLog = 0;
		};
/* End PBXShellScriptBuildPhase section */

/* Begin PBXSourcesBuildPhase section */
		97FC452E29A0FD7500227162 /* Sources */ = {
			isa = PBXSourcesBuildPhase;
			buildActionMask = 2147483647;
			files = (
				97FC455029A1763700227162 /* NetworkDataFetcher.swift in Sources */,
				97FC455329A2661A00227162 /* PhotosCollectionViewCell.swift in Sources */,
				97FC454E29A142B500227162 /* PhotoModel.swift in Sources */,
				97FC453A29A0FD7500227162 /* ViewController.swift in Sources */,
				97FC453629A0FD7500227162 /* AppDelegate.swift in Sources */,
				97FC453829A0FD7500227162 /* SceneDelegate.swift in Sources */,
				97FC454A29A1392F00227162 /* PhotosCollectionViewController.swift in Sources */,
			);
			runOnlyForDeploymentPostprocessing = 0;
		};
/* End PBXSourcesBuildPhase section */

/* Begin PBXVariantGroup section */
		97FC453B29A0FD7500227162 /* Main.storyboard */ = {
			isa = PBXVariantGroup;
			children = (
				97FC453C29A0FD7500227162 /* Base */,
			);
			name = Main.storyboard;
			sourceTree = "<group>";
		};
		97FC454029A0FD7600227162 /* LaunchScreen.storyboard */ = {
			isa = PBXVariantGroup;
			children = (
				97FC454129A0FD7600227162 /* Base */,
			);
			name = LaunchScreen.storyboard;
			sourceTree = "<group>";
		};
/* End PBXVariantGroup section */

/* Begin XCBuildConfiguration section */
		97FC454429A0FD7600227162 /* Debug */ = {
			isa = XCBuildConfiguration;
			buildSettings = {
				ALWAYS_SEARCH_USER_PATHS = NO;
				CLANG_ANALYZER_NONNULL = YES;
				CLANG_ANALYZER_NUMBER_OBJECT_CONVERSION = YES_AGGRESSIVE;
				CLANG_CXX_LANGUAGE_STANDARD = "gnu++20";
				CLANG_ENABLE_MODULES = YES;
				CLANG_ENABLE_OBJC_ARC = YES;
				CLANG_ENABLE_OBJC_WEAK = YES;
				CLANG_WARN_BLOCK_CAPTURE_AUTORELEASING = YES;
				CLANG_WARN_BOOL_CONVERSION = YES;
				CLANG_WARN_COMMA = YES;
				CLANG_WARN_CONSTANT_CONVERSION = YES;
				CLANG_WARN_DEPRECATED_OBJC_IMPLEMENTATIONS = YES;
				CLANG_WARN_DIRECT_OBJC_ISA_USAGE = YES_ERROR;
				CLANG_WARN_DOCUMENTATION_COMMENTS = YES;
				CLANG_WARN_EMPTY_BODY = YES;
				CLANG_WARN_ENUM_CONVERSION = YES;
				CLANG_WARN_INFINITE_RECURSION = YES;
				CLANG_WARN_INT_CONVERSION = YES;
				CLANG_WARN_NON_LITERAL_NULL_CONVERSION = YES;
				CLANG_WARN_OBJC_IMPLICIT_RETAIN_SELF = YES;
				CLANG_WARN_OBJC_LITERAL_CONVERSION = YES;
				CLANG_WARN_OBJC_ROOT_CLASS = YES_ERROR;
				CLANG_WARN_QUOTED_INCLUDE_IN_FRAMEWORK_HEADER = YES;
				CLANG_WARN_RANGE_LOOP_ANALYSIS = YES;
				CLANG_WARN_STRICT_PROTOTYPES = YES;
				CLANG_WARN_SUSPICIOUS_MOVE = YES;
				CLANG_WARN_UNGUARDED_AVAILABILITY = YES_AGGRESSIVE;
				CLANG_WARN_UNREACHABLE_CODE = YES;
				CLANG_WARN__DUPLICATE_METHOD_MATCH = YES;
				COPY_PHASE_STRIP = NO;
				DEBUG_INFORMATION_FORMAT = dwarf;
				ENABLE_STRICT_OBJC_MSGSEND = YES;
				ENABLE_TESTABILITY = YES;
				GCC_C_LANGUAGE_STANDARD = gnu11;
				GCC_DYNAMIC_NO_PIC = NO;
				GCC_NO_COMMON_BLOCKS = YES;
				GCC_OPTIMIZATION_LEVEL = 0;
				GCC_PREPROCESSOR_DEFINITIONS = (
					"DEBUG=1",
					"$(inherited)",
				);
				GCC_WARN_64_TO_32_BIT_CONVERSION = YES;
				GCC_WARN_ABOUT_RETURN_TYPE = YES_ERROR;
				GCC_WARN_UNDECLARED_SELECTOR = YES;
				GCC_WARN_UNINITIALIZED_AUTOS = YES_AGGRESSIVE;
				GCC_WARN_UNUSED_FUNCTION = YES;
				GCC_WARN_UNUSED_VARIABLE = YES;
				IPHONEOS_DEPLOYMENT_TARGET = 16.2;
				MTL_ENABLE_DEBUG_INFO = INCLUDE_SOURCE;
				MTL_FAST_MATH = YES;
				ONLY_ACTIVE_ARCH = YES;
				SDKROOT = iphoneos;
				SWIFT_ACTIVE_COMPILATION_CONDITIONS = DEBUG;
				SWIFT_OPTIMIZATION_LEVEL = "-Onone";
			};
			name = Debug;
		};
		97FC454529A0FD7600227162 /* Release */ = {
			isa = XCBuildConfiguration;
			buildSettings = {
				ALWAYS_SEARCH_USER_PATHS = NO;
				CLANG_ANALYZER_NONNULL = YES;
				CLANG_ANALYZER_NUMBER_OBJECT_CONVERSION = YES_AGGRESSIVE;
				CLANG_CXX_LANGUAGE_STANDARD = "gnu++20";
				CLANG_ENABLE_MODULES = YES;
				CLANG_ENABLE_OBJC_ARC = YES;
				CLANG_ENABLE_OBJC_WEAK = YES;
				CLANG_WARN_BLOCK_CAPTURE_AUTORELEASING = YES;
				CLANG_WARN_BOOL_CONVERSION = YES;
				CLANG_WARN_COMMA = YES;
				CLANG_WARN_CONSTANT_CONVERSION = YES;
				CLANG_WARN_DEPRECATED_OBJC_IMPLEMENTATIONS = YES;
				CLANG_WARN_DIRECT_OBJC_ISA_USAGE = YES_ERROR;
				CLANG_WARN_DOCUMENTATION_COMMENTS = YES;
				CLANG_WARN_EMPTY_BODY = YES;
				CLANG_WARN_ENUM_CONVERSION = YES;
				CLANG_WARN_INFINITE_RECURSION = YES;
				CLANG_WARN_INT_CONVERSION = YES;
				CLANG_WARN_NON_LITERAL_NULL_CONVERSION = YES;
				CLANG_WARN_OBJC_IMPLICIT_RETAIN_SELF = YES;
				CLANG_WARN_OBJC_LITERAL_CONVERSION = YES;
				CLANG_WARN_OBJC_ROOT_CLASS = YES_ERROR;
				CLANG_WARN_QUOTED_INCLUDE_IN_FRAMEWORK_HEADER = YES;
				CLANG_WARN_RANGE_LOOP_ANALYSIS = YES;
				CLANG_WARN_STRICT_PROTOTYPES = YES;
				CLANG_WARN_SUSPICIOUS_MOVE = YES;
				CLANG_WARN_UNGUARDED_AVAILABILITY = YES_AGGRESSIVE;
				CLANG_WARN_UNREACHABLE_CODE = YES;
				CLANG_WARN__DUPLICATE_METHOD_MATCH = YES;
				COPY_PHASE_STRIP = NO;
				DEBUG_INFORMATION_FORMAT = "dwarf-with-dsym";
				ENABLE_NS_ASSERTIONS = NO;
				ENABLE_STRICT_OBJC_MSGSEND = YES;
				GCC_C_LANGUAGE_STANDARD = gnu11;
				GCC_NO_COMMON_BLOCKS = YES;
				GCC_WARN_64_TO_32_BIT_CONVERSION = YES;
				GCC_WARN_ABOUT_RETURN_TYPE = YES_ERROR;
				GCC_WARN_UNDECLARED_SELECTOR = YES;
				GCC_WARN_UNINITIALIZED_AUTOS = YES_AGGRESSIVE;
				GCC_WARN_UNUSED_FUNCTION = YES;
				GCC_WARN_UNUSED_VARIABLE = YES;
				IPHONEOS_DEPLOYMENT_TARGET = 16.2;
				MTL_ENABLE_DEBUG_INFO = NO;
				MTL_FAST_MATH = YES;
				SDKROOT = iphoneos;
				SWIFT_COMPILATION_MODE = wholemodule;
				SWIFT_OPTIMIZATION_LEVEL = "-O";
				VALIDATE_PRODUCT = YES;
			};
			name = Release;
		};
		97FC454729A0FD7600227162 /* Debug */ = {
			isa = XCBuildConfiguration;
			baseConfigurationReference = A644B17F67F605FE86DFF6EC /* Pods-GooglePhotosApp.debug.xcconfig */;
			buildSettings = {
				ASSETCATALOG_COMPILER_APPICON_NAME = AppIcon;
				ASSETCATALOG_COMPILER_GLOBAL_ACCENT_COLOR_NAME = AccentColor;
				CODE_SIGN_STYLE = Automatic;
				CURRENT_PROJECT_VERSION = 1;
				DEVELOPMENT_TEAM = S466GHR688;
				GENERATE_INFOPLIST_FILE = YES;
				INFOPLIST_FILE = GooglePhotosApp/Info.plist;
				INFOPLIST_KEY_UIApplicationSupportsIndirectInputEvents = YES;
				INFOPLIST_KEY_UILaunchStoryboardName = LaunchScreen;
				INFOPLIST_KEY_UIMainStoryboardFile = Main;
				INFOPLIST_KEY_UISupportedInterfaceOrientations_iPad = "UIInterfaceOrientationPortrait UIInterfaceOrientationPortraitUpsideDown UIInterfaceOrientationLandscapeLeft UIInterfaceOrientationLandscapeRight";
				INFOPLIST_KEY_UISupportedInterfaceOrientations_iPhone = "UIInterfaceOrientationPortrait UIInterfaceOrientationLandscapeLeft UIInterfaceOrientationLandscapeRight";
				IPHONEOS_DEPLOYMENT_TARGET = 15.0;
				LD_RUNPATH_SEARCH_PATHS = (
					"$(inherited)",
					"@executable_path/Frameworks",
				);
				MARKETING_VERSION = 1.0;
				PRODUCT_BUNDLE_IDENTIFIER = vityha20022.com.GooglePhotosApp;
				PRODUCT_NAME = "$(TARGET_NAME)";
				SWIFT_EMIT_LOC_STRINGS = YES;
				SWIFT_VERSION = 5.0;
				TARGETED_DEVICE_FAMILY = "1,2";
			};
			name = Debug;
		};
		97FC454829A0FD7600227162 /* Release */ = {
			isa = XCBuildConfiguration;
			baseConfigurationReference = 3F788D0CA3CB56448D0A9672 /* Pods-GooglePhotosApp.release.xcconfig */;
			buildSettings = {
				ASSETCATALOG_COMPILER_APPICON_NAME = AppIcon;
				ASSETCATALOG_COMPILER_GLOBAL_ACCENT_COLOR_NAME = AccentColor;
				CODE_SIGN_STYLE = Automatic;
				CURRENT_PROJECT_VERSION = 1;
				DEVELOPMENT_TEAM = S466GHR688;
				GENERATE_INFOPLIST_FILE = YES;
				INFOPLIST_FILE = GooglePhotosApp/Info.plist;
				INFOPLIST_KEY_UIApplicationSupportsIndirectInputEvents = YES;
				INFOPLIST_KEY_UILaunchStoryboardName = LaunchScreen;
				INFOPLIST_KEY_UIMainStoryboardFile = Main;
				INFOPLIST_KEY_UISupportedInterfaceOrientations_iPad = "UIInterfaceOrientationPortrait UIInterfaceOrientationPortraitUpsideDown UIInterfaceOrientationLandscapeLeft UIInterfaceOrientationLandscapeRight";
				INFOPLIST_KEY_UISupportedInterfaceOrientations_iPhone = "UIInterfaceOrientationPortrait UIInterfaceOrientationLandscapeLeft UIInterfaceOrientationLandscapeRight";
				IPHONEOS_DEPLOYMENT_TARGET = 15.0;
				LD_RUNPATH_SEARCH_PATHS = (
					"$(inherited)",
					"@executable_path/Frameworks",
				);
				MARKETING_VERSION = 1.0;
				PRODUCT_BUNDLE_IDENTIFIER = vityha20022.com.GooglePhotosApp;
				PRODUCT_NAME = "$(TARGET_NAME)";
				SWIFT_EMIT_LOC_STRINGS = YES;
				SWIFT_VERSION = 5.0;
				TARGETED_DEVICE_FAMILY = "1,2";
			};
			name = Release;
		};
/* End XCBuildConfiguration section */

/* Begin XCConfigurationList section */
		97FC452D29A0FD7500227162 /* Build configuration list for PBXProject "GooglePhotosApp" */ = {
			isa = XCConfigurationList;
			buildConfigurations = (
				97FC454429A0FD7600227162 /* Debug */,
				97FC454529A0FD7600227162 /* Release */,
			);
			defaultConfigurationIsVisible = 0;
			defaultConfigurationName = Release;
		};
		97FC454629A0FD7600227162 /* Build configuration list for PBXNativeTarget "GooglePhotosApp" */ = {
			isa = XCConfigurationList;
			buildConfigurations = (
				97FC454729A0FD7600227162 /* Debug */,
				97FC454829A0FD7600227162 /* Release */,
			);
			defaultConfigurationIsVisible = 0;
			defaultConfigurationName = Release;
		};
/* End XCConfigurationList section */
	};
	rootObject = 97FC452A29A0FD7500227162 /* Project object */;
}
